// !$*UTF8*$!
{
	archiveVersion = 1;
	classes = {
	};
	objectVersion = 46;
	objects = {

/* Begin PBXBuildFile section */
		8B19EAAB1AFF448000AA9C85 /* main.m in Sources */ = {isa = PBXBuildFile; fileRef = 8B19EAAA1AFF448000AA9C85 /* main.m */; };
		8B19EAAE1AFF448000AA9C85 /* AppDelegate.m in Sources */ = {isa = PBXBuildFile; fileRef = 8B19EAAD1AFF448000AA9C85 /* AppDelegate.m */; };
		8B19EAB11AFF448000AA9C85 /* ViewController.mm in Sources */ = {isa = PBXBuildFile; fileRef = 8B19EAB01AFF448000AA9C85 /* ViewController.mm */; };
		8B19EAB41AFF448000AA9C85 /* Main.storyboard in Resources */ = {isa = PBXBuildFile; fileRef = 8B19EAB21AFF448000AA9C85 /* Main.storyboard */; };
		8B19EAB61AFF448000AA9C85 /* Images.xcassets in Resources */ = {isa = PBXBuildFile; fileRef = 8B19EAB51AFF448000AA9C85 /* Images.xcassets */; };
		8B19EAB91AFF448000AA9C85 /* LaunchScreen.xib in Resources */ = {isa = PBXBuildFile; fileRef = 8B19EAB71AFF448000AA9C85 /* LaunchScreen.xib */; };
		8B19EAC51AFF448000AA9C85 /* c_rubyTests.m in Sources */ = {isa = PBXBuildFile; fileRef = 8B19EAC41AFF448000AA9C85 /* c_rubyTests.m */; };
		8B440E281B038AEE003DCE06 /* test.rb in Resources */ = {isa = PBXBuildFile; fileRef = 8B440E271B038AEE003DCE06 /* test.rb */; };
		8BDAB3041DD17B4E00CF066B /* libiconv.tbd in Frameworks */ = {isa = PBXBuildFile; fileRef = 8BDAB3031DD17B4E00CF066B /* libiconv.tbd */; };
		8BDAB3071DD17B9B00CF066B /* libsqlite3.0.tbd in Frameworks */ = {isa = PBXBuildFile; fileRef = 8BDAB3051DD17B9B00CF066B /* libsqlite3.0.tbd */; };
		8BDAB3081DD17B9B00CF066B /* libsqlite3.tbd in Frameworks */ = {isa = PBXBuildFile; fileRef = 8BDAB3061DD17B9B00CF066B /* libsqlite3.tbd */; };
		8BDAB30B1DD17BD600CF066B /* libstar_ruby.a in Frameworks */ = {isa = PBXBuildFile; fileRef = 8BDAB3091DD17BD600CF066B /* libstar_ruby.a */; };
		8BDAB30C1DD17BD600CF066B /* libstarcore.a in Frameworks */ = {isa = PBXBuildFile; fileRef = 8BDAB30A1DD17BD600CF066B /* libstarcore.a */; };
		8BDAB3101DD17BF500CF066B /* libruby-exts.a in Frameworks */ = {isa = PBXBuildFile; fileRef = 8BDAB30D1DD17BF500CF066B /* libruby-exts.a */; };
		8BDAB3111DD17BF500CF066B /* libruby-static.a in Frameworks */ = {isa = PBXBuildFile; fileRef = 8BDAB30E1DD17BF500CF066B /* libruby-static.a */; };
		8BDAB3121DD17BF500CF066B /* libtrans.a in Frameworks */ = {isa = PBXBuildFile; fileRef = 8BDAB30F1DD17BF500CF066B /* libtrans.a */; };
		8BDAB3151DD17D9900CF066B /* test_call.rb in Resources */ = {isa = PBXBuildFile; fileRef = 8BDAB3131DD17D9900CF066B /* test_call.rb */; };
		8BDAB3161DD17D9900CF066B /* test_callnsobject.rb in Resources */ = {isa = PBXBuildFile; fileRef = 8BDAB3141DD17D9900CF066B /* test_callnsobject.rb */; };
/* End PBXBuildFile section */

/* Begin PBXContainerItemProxy section */
		8B19EABF1AFF448000AA9C85 /* PBXContainerItemProxy */ = {
			isa = PBXContainerItemProxy;
			containerPortal = 8B19EA9D1AFF447F00AA9C85 /* Project object */;
			proxyType = 1;
			remoteGlobalIDString = 8B19EAA41AFF447F00AA9C85;
			remoteInfo = c_ruby;
		};
/* End PBXContainerItemProxy section */

/* Begin PBXFileReference section */
		8B19EAA51AFF448000AA9C85 /* c_ruby.app */ = {isa = PBXFileReference; explicitFileType = wrapper.application; includeInIndex = 0; path = c_ruby.app; sourceTree = BUILT_PRODUCTS_DIR; };
		8B19EAA91AFF448000AA9C85 /* Info.plist */ = {isa = PBXFileReference; lastKnownFileType = text.plist.xml; path = Info.plist; sourceTree = "<group>"; };
		8B19EAAA1AFF448000AA9C85 /* main.m */ = {isa = PBXFileReference; lastKnownFileType = sourcecode.c.objc; path = main.m; sourceTree = "<group>"; };
		8B19EAAC1AFF448000AA9C85 /* AppDelegate.h */ = {isa = PBXFileReference; lastKnownFileType = sourcecode.c.h; path = AppDelegate.h; sourceTree = "<group>"; };
		8B19EAAD1AFF448000AA9C85 /* AppDelegate.m */ = {isa = PBXFileReference; lastKnownFileType = sourcecode.c.objc; path = AppDelegate.m; sourceTree = "<group>"; };
		8B19EAAF1AFF448000AA9C85 /* ViewController.h */ = {isa = PBXFileReference; lastKnownFileType = sourcecode.c.h; path = ViewController.h; sourceTree = "<group>"; };
		8B19EAB01AFF448000AA9C85 /* ViewController.mm */ = {isa = PBXFileReference; lastKnownFileType = sourcecode.cpp.objcpp; path = ViewController.mm; sourceTree = "<group>"; };
		8B19EAB31AFF448000AA9C85 /* Base */ = {isa = PBXFileReference; lastKnownFileType = file.storyboard; name = Base; path = Base.lproj/Main.storyboard; sourceTree = "<group>"; };
		8B19EAB51AFF448000AA9C85 /* Images.xcassets */ = {isa = PBXFileReference; lastKnownFileType = folder.assetcatalog; path = Images.xcassets; sourceTree = "<group>"; };
		8B19EAB81AFF448000AA9C85 /* Base */ = {isa = PBXFileReference; lastKnownFileType = file.xib; name = Base; path = Base.lproj/LaunchScreen.xib; sourceTree = "<group>"; };
		8B19EABE1AFF448000AA9C85 /* c_rubyTests.xctest */ = {isa = PBXFileReference; explicitFileType = wrapper.cfbundle; includeInIndex = 0; path = c_rubyTests.xctest; sourceTree = BUILT_PRODUCTS_DIR; };
		8B19EAC31AFF448000AA9C85 /* Info.plist */ = {isa = PBXFileReference; lastKnownFileType = text.plist.xml; path = Info.plist; sourceTree = "<group>"; };
		8B19EAC41AFF448000AA9C85 /* c_rubyTests.m */ = {isa = PBXFileReference; lastKnownFileType = sourcecode.c.objc; path = c_rubyTests.m; sourceTree = "<group>"; };
		8B440E271B038AEE003DCE06 /* test.rb */ = {isa = PBXFileReference; fileEncoding = 4; lastKnownFileType = text.script.ruby; path = test.rb; sourceTree = "<group>"; };
		8BDAB3031DD17B4E00CF066B /* libiconv.tbd */ = {isa = PBXFileReference; lastKnownFileType = "sourcecode.text-based-dylib-definition"; name = libiconv.tbd; path = usr/lib/libiconv.tbd; sourceTree = SDKROOT; };
		8BDAB3051DD17B9B00CF066B /* libsqlite3.0.tbd */ = {isa = PBXFileReference; lastKnownFileType = "sourcecode.text-based-dylib-definition"; name = libsqlite3.0.tbd; path = usr/lib/libsqlite3.0.tbd; sourceTree = SDKROOT; };
		8BDAB3061DD17B9B00CF066B /* libsqlite3.tbd */ = {isa = PBXFileReference; lastKnownFileType = "sourcecode.text-based-dylib-definition"; name = libsqlite3.tbd; path = usr/lib/libsqlite3.tbd; sourceTree = SDKROOT; };
		8BDAB3091DD17BD600CF066B /* libstar_ruby.a */ = {isa = PBXFileReference; lastKnownFileType = archive.ar; name = libstar_ruby.a; path = ../../libstar_ruby.a; sourceTree = "<group>"; };
		8BDAB30A1DD17BD600CF066B /* libstarcore.a */ = {isa = PBXFileReference; lastKnownFileType = archive.ar; name = libstarcore.a; path = ../../libstarcore.a; sourceTree = "<group>"; };
		8BDAB30D1DD17BF500CF066B /* libruby-exts.a */ = {isa = PBXFileReference; lastKnownFileType = archive.ar; name = "libruby-exts.a"; path = "../../ruby.files/ruby-2.2/libruby-exts.a"; sourceTree = "<group>"; };
		8BDAB30E1DD17BF500CF066B /* libruby-static.a */ = {isa = PBXFileReference; lastKnownFileType = archive.ar; name = "libruby-static.a"; path = "../../ruby.files/ruby-2.2/libruby-static.a"; sourceTree = "<group>"; };
		8BDAB30F1DD17BF500CF066B /* libtrans.a */ = {isa = PBXFileReference; lastKnownFileType = archive.ar; name = libtrans.a; path = "../../ruby.files/ruby-2.2/libtrans.a"; sourceTree = "<group>"; };
		8BDAB3131DD17D9900CF066B /* test_call.rb */ = {isa = PBXFileReference; fileEncoding = 4; lastKnownFileType = text.script.ruby; path = test_call.rb; sourceTree = "<group>"; };
		8BDAB3141DD17D9900CF066B /* test_callnsobject.rb */ = {isa = PBXFileReference; fileEncoding = 4; lastKnownFileType = text.script.ruby; path = test_callnsobject.rb; sourceTree = "<group>"; };
/* End PBXFileReference section */

/* Begin PBXFrameworksBuildPhase section */
		8B19EAA21AFF447F00AA9C85 /* Frameworks */ = {
			isa = PBXFrameworksBuildPhase;
			buildActionMask = 2147483647;
			files = (
				8BDAB3101DD17BF500CF066B /* libruby-exts.a in Frameworks */,
				8BDAB3111DD17BF500CF066B /* libruby-static.a in Frameworks */,
				8BDAB3121DD17BF500CF066B /* libtrans.a in Frameworks */,
				8BDAB30B1DD17BD600CF066B /* libstar_ruby.a in Frameworks */,
				8BDAB30C1DD17BD600CF066B /* libstarcore.a in Frameworks */,
				8BDAB3071DD17B9B00CF066B /* libsqlite3.0.tbd in Frameworks */,
				8BDAB3081DD17B9B00CF066B /* libsqlite3.tbd in Frameworks */,
				8BDAB3041DD17B4E00CF066B /* libiconv.tbd in Frameworks */,
			);
			runOnlyForDeploymentPostprocessing = 0;
		};
		8B19EABB1AFF448000AA9C85 /* Frameworks */ = {
			isa = PBXFrameworksBuildPhase;
			buildActionMask = 2147483647;
			files = (
			);
			runOnlyForDeploymentPostprocessing = 0;
		};
/* End PBXFrameworksBuildPhase section */

/* Begin PBXGroup section */
		8B19EA9C1AFF447F00AA9C85 = {
			isa = PBXGroup;
			children = (
				8BDAB30D1DD17BF500CF066B /* libruby-exts.a */,
				8BDAB30E1DD17BF500CF066B /* libruby-static.a */,
				8BDAB30F1DD17BF500CF066B /* libtrans.a */,
				8BDAB3091DD17BD600CF066B /* libstar_ruby.a */,
				8BDAB30A1DD17BD600CF066B /* libstarcore.a */,
				8BDAB3051DD17B9B00CF066B /* libsqlite3.0.tbd */,
				8BDAB3061DD17B9B00CF066B /* libsqlite3.tbd */,
				8BDAB3031DD17B4E00CF066B /* libiconv.tbd */,
				8B19EAA71AFF448000AA9C85 /* c_ruby */,
				8B19EAC11AFF448000AA9C85 /* c_rubyTests */,
				8B19EAA61AFF448000AA9C85 /* Products */,
			);
			sourceTree = "<group>";
		};
		8B19EAA61AFF448000AA9C85 /* Products */ = {
			isa = PBXGroup;
			children = (
				8B19EAA51AFF448000AA9C85 /* c_ruby.app */,
				8B19EABE1AFF448000AA9C85 /* c_rubyTests.xctest */,
			);
			name = Products;
			sourceTree = "<group>";
		};
		8B19EAA71AFF448000AA9C85 /* c_ruby */ = {
			isa = PBXGroup;
			children = (
				8BDAB3131DD17D9900CF066B /* test_call.rb */,
				8BDAB3141DD17D9900CF066B /* test_callnsobject.rb */,
				8B19EAAC1AFF448000AA9C85 /* AppDelegate.h */,
				8B19EAAD1AFF448000AA9C85 /* AppDelegate.m */,
				8B19EAAF1AFF448000AA9C85 /* ViewController.h */,
				8B19EAB01AFF448000AA9C85 /* ViewController.mm */,
				8B19EAB21AFF448000AA9C85 /* Main.storyboard */,
				8B19EAB51AFF448000AA9C85 /* Images.xcassets */,
				8B19EAB71AFF448000AA9C85 /* LaunchScreen.xib */,
				8B19EAA81AFF448000AA9C85 /* Supporting Files */,
				8B440E271B038AEE003DCE06 /* test.rb */,
			);
			path = c_ruby;
			sourceTree = "<group>";
		};
		8B19EAA81AFF448000AA9C85 /* Supporting Files */ = {
			isa = PBXGroup;
			children = (
				8B19EAA91AFF448000AA9C85 /* Info.plist */,
				8B19EAAA1AFF448000AA9C85 /* main.m */,
			);
			name = "Supporting Files";
			sourceTree = "<group>";
		};
		8B19EAC11AFF448000AA9C85 /* c_rubyTests */ = {
			isa = PBXGroup;
			children = (
				8B19EAC41AFF448000AA9C85 /* c_rubyTests.m */,
				8B19EAC21AFF448000AA9C85 /* Supporting Files */,
			);
			path = c_rubyTests;
			sourceTree = "<group>";
		};
		8B19EAC21AFF448000AA9C85 /* Supporting Files */ = {
			isa = PBXGroup;
			children = (
				8B19EAC31AFF448000AA9C85 /* Info.plist */,
			);
			name = "Supporting Files";
			sourceTree = "<group>";
		};
/* End PBXGroup section */

/* Begin PBXNativeTarget section */
		8B19EAA41AFF447F00AA9C85 /* c_ruby */ = {
			isa = PBXNativeTarget;
			buildConfigurationList = 8B19EAC81AFF448000AA9C85 /* Build configuration list for PBXNativeTarget "c_ruby" */;
			buildPhases = (
				8B19EAA11AFF447F00AA9C85 /* Sources */,
				8B19EAA21AFF447F00AA9C85 /* Frameworks */,
				8B19EAA31AFF447F00AA9C85 /* Resources */,
			);
			buildRules = (
			);
			dependencies = (
			);
			name = c_ruby;
			productName = c_ruby;
			productReference = 8B19EAA51AFF448000AA9C85 /* c_ruby.app */;
			productType = "com.apple.product-type.application";
		};
		8B19EABD1AFF448000AA9C85 /* c_rubyTests */ = {
			isa = PBXNativeTarget;
			buildConfigurationList = 8B19EACB1AFF448000AA9C85 /* Build configuration list for PBXNativeTarget "c_rubyTests" */;
			buildPhases = (
				8B19EABA1AFF448000AA9C85 /* Sources */,
				8B19EABB1AFF448000AA9C85 /* Frameworks */,
				8B19EABC1AFF448000AA9C85 /* Resources */,
			);
			buildRules = (
			);
			dependencies = (
				8B19EAC01AFF448000AA9C85 /* PBXTargetDependency */,
			);
			name = c_rubyTests;
			productName = c_rubyTests;
			productReference = 8B19EABE1AFF448000AA9C85 /* c_rubyTests.xctest */;
			productType = "com.apple.product-type.bundle.unit-test";
		};
/* End PBXNativeTarget section */

/* Begin PBXProject section */
		8B19EA9D1AFF447F00AA9C85 /* Project object */ = {
			isa = PBXProject;
			attributes = {
				LastUpgradeCheck = 0630;
				ORGANIZATIONNAME = srplab;
				TargetAttributes = {
					8B19EAA41AFF447F00AA9C85 = {
						CreatedOnToolsVersion = 6.3;
					};
					8B19EABD1AFF448000AA9C85 = {
						CreatedOnToolsVersion = 6.3;
						TestTargetID = 8B19EAA41AFF447F00AA9C85;
					};
				};
			};
			buildConfigurationList = 8B19EAA01AFF447F00AA9C85 /* Build configuration list for PBXProject "c_ruby" */;
			compatibilityVersion = "Xcode 3.2";
			developmentRegion = English;
			hasScannedForEncodings = 0;
			knownRegions = (
				en,
				Base,
			);
			mainGroup = 8B19EA9C1AFF447F00AA9C85;
			productRefGroup = 8B19EAA61AFF448000AA9C85 /* Products */;
			projectDirPath = "";
			projectRoot = "";
			targets = (
				8B19EAA41AFF447F00AA9C85 /* c_ruby */,
				8B19EABD1AFF448000AA9C85 /* c_rubyTests */,
			);
		};
/* End PBXProject section */

/* Begin PBXResourcesBuildPhase section */
		8B19EAA31AFF447F00AA9C85 /* Resources */ = {
			isa = PBXResourcesBuildPhase;
			buildActionMask = 2147483647;
			files = (
				8B19EAB41AFF448000AA9C85 /* Main.storyboard in Resources */,
				8BDAB3161DD17D9900CF066B /* test_callnsobject.rb in Resources */,
				8B440E281B038AEE003DCE06 /* test.rb in Resources */,
				8BDAB3151DD17D9900CF066B /* test_call.rb in Resources */,
				8B19EAB91AFF448000AA9C85 /* LaunchScreen.xib in Resources */,
				8B19EAB61AFF448000AA9C85 /* Images.xcassets in Resources */,
			);
			runOnlyForDeploymentPostprocessing = 0;
		};
		8B19EABC1AFF448000AA9C85 /* Resources */ = {
			isa = PBXResourcesBuildPhase;
			buildActionMask = 2147483647;
			files = (
			);
			runOnlyForDeploymentPostprocessing = 0;
		};
/* End PBXResourcesBuildPhase section */

/* Begin PBXSourcesBuildPhase section */
		8B19EAA11AFF447F00AA9C85 /* Sources */ = {
			isa = PBXSourcesBuildPhase;
			buildActionMask = 2147483647;
			files = (
				8B19EAB11AFF448000AA9C85 /* ViewController.mm in Sources */,
				8B19EAAE1AFF448000AA9C85 /* AppDelegate.m in Sources */,
				8B19EAAB1AFF448000AA9C85 /* main.m in Sources */,
			);
			runOnlyForDeploymentPostprocessing = 0;
		};
		8B19EABA1AFF448000AA9C85 /* Sources */ = {
			isa = PBXSourcesBuildPhase;
			buildActionMask = 2147483647;
			files = (
				8B19EAC51AFF448000AA9C85 /* c_rubyTests.m in Sources */,
			);
			runOnlyForDeploymentPostprocessing = 0;
		};
/* End PBXSourcesBuildPhase section */

/* Begin PBXTargetDependency section */
		8B19EAC01AFF448000AA9C85 /* PBXTargetDependency */ = {
			isa = PBXTargetDependency;
			target = 8B19EAA41AFF447F00AA9C85 /* c_ruby */;
			targetProxy = 8B19EABF1AFF448000AA9C85 /* PBXContainerItemProxy */;
		};
/* End PBXTargetDependency section */

/* Begin PBXVariantGroup section */
		8B19EAB21AFF448000AA9C85 /* Main.storyboard */ = {
			isa = PBXVariantGroup;
			children = (
				8B19EAB31AFF448000AA9C85 /* Base */,
			);
			name = Main.storyboard;
			sourceTree = "<group>";
		};
		8B19EAB71AFF448000AA9C85 /* LaunchScreen.xib */ = {
			isa = PBXVariantGroup;
			children = (
				8B19EAB81AFF448000AA9C85 /* Base */,
			);
			name = LaunchScreen.xib;
			sourceTree = "<group>";
		};
/* End PBXVariantGroup section */

/* Begin XCBuildConfiguration section */
		8B19EAC61AFF448000AA9C85 /* Debug */ = {
			isa = XCBuildConfiguration;
			buildSettings = {
				ALWAYS_SEARCH_USER_PATHS = NO;
				CLANG_CXX_LANGUAGE_STANDARD = "gnu++0x";
				CLANG_CXX_LIBRARY = "libc++";
				CLANG_ENABLE_MODULES = YES;
				CLANG_ENABLE_OBJC_ARC = YES;
				CLANG_WARN_BOOL_CONVERSION = YES;
				CLANG_WARN_CONSTANT_CONVERSION = YES;
				CLANG_WARN_DIRECT_OBJC_ISA_USAGE = YES_ERROR;
				CLANG_WARN_EMPTY_BODY = YES;
				CLANG_WARN_ENUM_CONVERSION = YES;
				CLANG_WARN_INT_CONVERSION = YES;
				CLANG_WARN_OBJC_ROOT_CLASS = YES_ERROR;
				CLANG_WARN_UNREACHABLE_CODE = YES;
				CLANG_WARN__DUPLICATE_METHOD_MATCH = YES;
				"CODE_SIGN_IDENTITY[sdk=iphoneos*]" = "iPhone Developer";
				COPY_PHASE_STRIP = NO;
				DEBUG_INFORMATION_FORMAT = "dwarf-with-dsym";
				ENABLE_STRICT_OBJC_MSGSEND = YES;
				GCC_C_LANGUAGE_STANDARD = gnu99;
				GCC_DYNAMIC_NO_PIC = NO;
				GCC_NO_COMMON_BLOCKS = YES;
				GCC_OPTIMIZATION_LEVEL = 0;
				GCC_PREPROCESSOR_DEFINITIONS = (
					"DEBUG=1",
					"$(inherited)",
				);
				GCC_SYMBOLS_PRIVATE_EXTERN = NO;
				GCC_WARN_64_TO_32_BIT_CONVERSION = YES;
				GCC_WARN_ABOUT_RETURN_TYPE = YES_ERROR;
				GCC_WARN_UNDECLARED_SELECTOR = YES;
				GCC_WARN_UNINITIALIZED_AUTOS = YES_AGGRESSIVE;
				GCC_WARN_UNUSED_FUNCTION = YES;
				GCC_WARN_UNUSED_VARIABLE = YES;
				IPHONEOS_DEPLOYMENT_TARGET = 8.0;
				MTL_ENABLE_DEBUG_INFO = YES;
				ONLY_ACTIVE_ARCH = YES;
				SDKROOT = iphoneos;
				TARGETED_DEVICE_FAMILY = "1,2";
			};
			name = Debug;
		};
		8B19EAC71AFF448000AA9C85 /* Release */ = {
			isa = XCBuildConfiguration;
			buildSettings = {
				ALWAYS_SEARCH_USER_PATHS = NO;
				CLANG_CXX_LANGUAGE_STANDARD = "gnu++0x";
				CLANG_CXX_LIBRARY = "libc++";
				CLANG_ENABLE_MODULES = YES;
				CLANG_ENABLE_OBJC_ARC = YES;
				CLANG_WARN_BOOL_CONVERSION = YES;
				CLANG_WARN_CONSTANT_CONVERSION = YES;
				CLANG_WARN_DIRECT_OBJC_ISA_USAGE = YES_ERROR;
				CLANG_WARN_EMPTY_BODY = YES;
				CLANG_WARN_ENUM_CONVERSION = YES;
				CLANG_WARN_INT_CONVERSION = YES;
				CLANG_WARN_OBJC_ROOT_CLASS = YES_ERROR;
				CLANG_WARN_UNREACHABLE_CODE = YES;
				CLANG_WARN__DUPLICATE_METHOD_MATCH = YES;
				"CODE_SIGN_IDENTITY[sdk=iphoneos*]" = "iPhone Developer";
				COPY_PHASE_STRIP = NO;
				DEBUG_INFORMATION_FORMAT = "dwarf-with-dsym";
				ENABLE_NS_ASSERTIONS = NO;
				ENABLE_STRICT_OBJC_MSGSEND = YES;
				GCC_C_LANGUAGE_STANDARD = gnu99;
				GCC_NO_COMMON_BLOCKS = YES;
				GCC_WARN_64_TO_32_BIT_CONVERSION = YES;
				GCC_WARN_ABOUT_RETURN_TYPE = YES_ERROR;
				GCC_WARN_UNDECLARED_SELECTOR = YES;
				GCC_WARN_UNINITIALIZED_AUTOS = YES_AGGRESSIVE;
				GCC_WARN_UNUSED_FUNCTION = YES;
				GCC_WARN_UNUSED_VARIABLE = YES;
				IPHONEOS_DEPLOYMENT_TARGET = 8.0;
				MTL_ENABLE_DEBUG_INFO = NO;
				SDKROOT = iphoneos;
				TARGETED_DEVICE_FAMILY = "1,2";
				VALIDATE_PRODUCT = YES;
			};
			name = Release;
		};
		8B19EAC91AFF448000AA9C85 /* Debug */ = {
			isa = XCBuildConfiguration;
			buildSettings = {
				ASSETCATALOG_COMPILER_APPICON_NAME = AppIcon;
				GCC_PREPROCESSOR_DEFINITIONS = (
					"DEBUG=1",
					"$(inherited)",
					ENV_IOS,
				);
				HEADER_SEARCH_PATHS = (
					"$(inherited)",
					/Applications/Xcode.app/Contents/Developer/Toolchains/XcodeDefault.xctoolchain/usr/include,
					../../include,
				);
				INFOPLIST_FILE = c_ruby/Info.plist;
				IPHONEOS_DEPLOYMENT_TARGET = 8.2;
				LD_RUNPATH_SEARCH_PATHS = "$(inherited) @executable_path/Frameworks";
				LIBRARY_SEARCH_PATHS = (
					"$(inherited)",
					../../,
					"../../ruby.files/ruby-2.2",
				);
				PRODUCT_NAME = "$(TARGET_NAME)";
			};
			name = Debug;
		};
		8B19EACA1AFF448000AA9C85 /* Release */ = {
			isa = XCBuildConfiguration;
			buildSettings = {
				ASSETCATALOG_COMPILER_APPICON_NAME = AppIcon;
				GCC_PREPROCESSOR_DEFINITIONS = ENV_IOS;
				HEADER_SEARCH_PATHS = (
					"$(inherited)",
					/Applications/Xcode.app/Contents/Developer/Toolchains/XcodeDefault.xctoolchain/usr/include,
					../../include,
				);
				INFOPLIST_FILE = c_ruby/Info.plist;
				IPHONEOS_DEPLOYMENT_TARGET = 8.2;
				LD_RUNPATH_SEARCH_PATHS = "$(inherited) @executable_path/Frameworks";
				LIBRARY_SEARCH_PATHS = (
					"$(inherited)",
					../../,
					"../../ruby.files/ruby-2.2",
				);
				PRODUCT_NAME = "$(TARGET_NAME)";
			};
			name = Release;
		};
		8B19EACC1AFF448000AA9C85 /* Debug */ = {
			isa = XCBuildConfiguration;
			buildSettings = {
				BUNDLE_LOADER = "$(TEST_HOST)";
				FRAMEWORK_SEARCH_PATHS = (
					"$(SDKROOT)/Developer/Library/Frameworks",
					"$(inherited)",
				);
				GCC_PREPROCESSOR_DEFINITIONS = (
					"DEBUG=1",
					"$(inherited)",
				);
				INFOPLIST_FILE = c_rubyTests/Info.plist;
				LD_RUNPATH_SEARCH_PATHS = "$(inherited) @executable_path/Frameworks @loader_path/Frameworks";
				PRODUCT_NAME = "$(TARGET_NAME)";
				TEST_HOST = "$(BUILT_PRODUCTS_DIR)/c_ruby.app/c_ruby";
			};
			name = Debug;
		};
		8B19EACD1AFF448000AA9C85 /* Release */ = {
			isa = XCBuildConfiguration;
			buildSettings = {
				BUNDLE_LOADER = "$(TEST_HOST)";
				FRAMEWORK_SEARCH_PATHS = (
					"$(SDKROOT)/Developer/Library/Frameworks",
					"$(inherited)",
				);
				INFOPLIST_FILE = c_rubyTests/Info.plist;
				LD_RUNPATH_SEARCH_PATHS = "$(inherited) @executable_path/Frameworks @loader_path/Frameworks";
				PRODUCT_NAME = "$(TARGET_NAME)";
				TEST_HOST = "$(BUILT_PRODUCTS_DIR)/c_ruby.app/c_ruby";
			};
			name = Release;
		};
/* End XCBuildConfiguration section */

/* Begin XCConfigurationList section */
		8B19EAA01AFF447F00AA9C85 /* Build configuration list for PBXProject "c_ruby" */ = {
			isa = XCConfigurationList;
			buildConfigurations = (
				8B19EAC61AFF448000AA9C85 /* Debug */,
				8B19EAC71AFF448000AA9C85 /* Release */,
			);
			defaultConfigurationIsVisible = 0;
			defaultConfigurationName = Release;
		};
		8B19EAC81AFF448000AA9C85 /* Build configuration list for PBXNativeTarget "c_ruby" */ = {
			isa = XCConfigurationList;
			buildConfigurations = (
				8B19EAC91AFF448000AA9C85 /* Debug */,
				8B19EACA1AFF448000AA9C85 /* Release */,
			);
			defaultConfigurationIsVisible = 0;
			defaultConfigurationName = Release;
		};
		8B19EACB1AFF448000AA9C85 /* Build configuration list for PBXNativeTarget "c_rubyTests" */ = {
			isa = XCConfigurationList;
			buildConfigurations = (
				8B19EACC1AFF448000AA9C85 /* Debug */,
				8B19EACD1AFF448000AA9C85 /* Release */,
			);
			defaultConfigurationIsVisible = 0;
			defaultConfigurationName = Release;
		};
/* End XCConfigurationList section */
	};
	rootObject = 8B19EA9D1AFF447F00AA9C85 /* Project object */;
}
