// !$*UTF8*$!
{
	archiveVersion = 1;
	classes = {
	};
	objectVersion = 46;
	objects = {

/* Begin PBXBuildFile section */
		8BAD12851DD16ADD00FC145C /* libiconv.tbd in Frameworks */ = {isa = PBXBuildFile; fileRef = 8BAD12841DD16ADD00FC145C /* libiconv.tbd */; };
		8BAD12871DD16B0200FC145C /* libstarcore.a in Frameworks */ = {isa = PBXBuildFile; fileRef = 8BAD12861DD16B0200FC145C /* libstarcore.a */; };
		8BAD128E1DD16FC000FC145C /* test_call.lua in Resources */ = {isa = PBXBuildFile; fileRef = 8BAD128C1DD16FC000FC145C /* test_call.lua */; };
		8BAD128F1DD16FC000FC145C /* test_callnsobject.lua in Resources */ = {isa = PBXBuildFile; fileRef = 8BAD128D1DD16FC000FC145C /* test_callnsobject.lua */; };
		8BEFBCEE19DAF448000989E5 /* main.m in Sources */ = {isa = PBXBuildFile; fileRef = 8BEFBCED19DAF448000989E5 /* main.m */; };
		8BEFBCF119DAF448000989E5 /* AppDelegate.m in Sources */ = {isa = PBXBuildFile; fileRef = 8BEFBCF019DAF448000989E5 /* AppDelegate.m */; };
		8BEFBCF419DAF448000989E5 /* ViewController.mm in Sources */ = {isa = PBXBuildFile; fileRef = 8BEFBCF319DAF448000989E5 /* ViewController.mm */; };
		8BEFBCF719DAF449000989E5 /* Main.storyboard in Resources */ = {isa = PBXBuildFile; fileRef = 8BEFBCF519DAF449000989E5 /* Main.storyboard */; };
		8BEFBCF919DAF44A000989E5 /* Images.xcassets in Resources */ = {isa = PBXBuildFile; fileRef = 8BEFBCF819DAF44A000989E5 /* Images.xcassets */; };
		8BEFBCFC19DAF44A000989E5 /* LaunchScreen.xib in Resources */ = {isa = PBXBuildFile; fileRef = 8BEFBCFA19DAF44A000989E5 /* LaunchScreen.xib */; };
		8BEFBD0819DAF44E000989E5 /* c_luaTests.m in Sources */ = {isa = PBXBuildFile; fileRef = 8BEFBD0719DAF44E000989E5 /* c_luaTests.m */; };
/* End PBXBuildFile section */

/* Begin PBXContainerItemProxy section */
		8BEFBD0219DAF44D000989E5 /* PBXContainerItemProxy */ = {
			isa = PBXContainerItemProxy;
			containerPortal = 8BEFBCE019DAF443000989E5 /* Project object */;
			proxyType = 1;
			remoteGlobalIDString = 8BEFBCE719DAF444000989E5;
			remoteInfo = c_lua;
		};
/* End PBXContainerItemProxy section */

/* Begin PBXFileReference section */
		8BAD12841DD16ADD00FC145C /* libiconv.tbd */ = {isa = PBXFileReference; lastKnownFileType = "sourcecode.text-based-dylib-definition"; name = libiconv.tbd; path = usr/lib/libiconv.tbd; sourceTree = SDKROOT; };
		8BAD12861DD16B0200FC145C /* libstarcore.a */ = {isa = PBXFileReference; lastKnownFileType = archive.ar; name = libstarcore.a; path = ../../libstarcore.a; sourceTree = "<group>"; };
		8BAD128C1DD16FC000FC145C /* test_call.lua */ = {isa = PBXFileReference; fileEncoding = 4; lastKnownFileType = text; path = test_call.lua; sourceTree = "<group>"; };
		8BAD128D1DD16FC000FC145C /* test_callnsobject.lua */ = {isa = PBXFileReference; fileEncoding = 4; lastKnownFileType = text; path = test_callnsobject.lua; sourceTree = "<group>"; };
		8BEFBCE819DAF446000989E5 /* c_lua.app */ = {isa = PBXFileReference; explicitFileType = wrapper.application; includeInIndex = 0; path = c_lua.app; sourceTree = BUILT_PRODUCTS_DIR; };
		8BEFBCEC19DAF448000989E5 /* Info.plist */ = {isa = PBXFileReference; lastKnownFileType = text.plist.xml; path = Info.plist; sourceTree = "<group>"; };
		8BEFBCED19DAF448000989E5 /* main.m */ = {isa = PBXFileReference; lastKnownFileType = sourcecode.c.objc; path = main.m; sourceTree = "<group>"; };
		8BEFBCEF19DAF448000989E5 /* AppDelegate.h */ = {isa = PBXFileReference; lastKnownFileType = sourcecode.c.h; path = AppDelegate.h; sourceTree = "<group>"; };
		8BEFBCF019DAF448000989E5 /* AppDelegate.m */ = {isa = PBXFileReference; lastKnownFileType = sourcecode.c.objc; path = AppDelegate.m; sourceTree = "<group>"; };
		8BEFBCF219DAF448000989E5 /* ViewController.h */ = {isa = PBXFileReference; lastKnownFileType = sourcecode.c.h; path = ViewController.h; sourceTree = "<group>"; };
		8BEFBCF319DAF448000989E5 /* ViewController.mm */ = {isa = PBXFileReference; lastKnownFileType = sourcecode.cpp.objcpp; path = ViewController.mm; sourceTree = "<group>"; };
		8BEFBCF619DAF449000989E5 /* Base */ = {isa = PBXFileReference; lastKnownFileType = file.storyboard; name = Base; path = Base.lproj/Main.storyboard; sourceTree = "<group>"; };
		8BEFBCF819DAF44A000989E5 /* Images.xcassets */ = {isa = PBXFileReference; lastKnownFileType = folder.assetcatalog; path = Images.xcassets; sourceTree = "<group>"; };
		8BEFBCFB19DAF44A000989E5 /* Base */ = {isa = PBXFileReference; lastKnownFileType = file.xib; name = Base; path = Base.lproj/LaunchScreen.xib; sourceTree = "<group>"; };
		8BEFBD0119DAF44D000989E5 /* c_luaTests.xctest */ = {isa = PBXFileReference; explicitFileType = wrapper.cfbundle; includeInIndex = 0; path = c_luaTests.xctest; sourceTree = BUILT_PRODUCTS_DIR; };
		8BEFBD0619DAF44E000989E5 /* Info.plist */ = {isa = PBXFileReference; lastKnownFileType = text.plist.xml; path = Info.plist; sourceTree = "<group>"; };
		8BEFBD0719DAF44E000989E5 /* c_luaTests.m */ = {isa = PBXFileReference; lastKnownFileType = sourcecode.c.objc; path = c_luaTests.m; sourceTree = "<group>"; };
/* End PBXFileReference section */

/* Begin PBXFrameworksBuildPhase section */
		8BEFBCE519DAF444000989E5 /* Frameworks */ = {
			isa = PBXFrameworksBuildPhase;
			buildActionMask = 2147483647;
			files = (
				8BAD12871DD16B0200FC145C /* libstarcore.a in Frameworks */,
				8BAD12851DD16ADD00FC145C /* libiconv.tbd in Frameworks */,
			);
			runOnlyForDeploymentPostprocessing = 0;
		};
		8BEFBCFE19DAF44D000989E5 /* Frameworks */ = {
			isa = PBXFrameworksBuildPhase;
			buildActionMask = 2147483647;
			files = (
			);
			runOnlyForDeploymentPostprocessing = 0;
		};
/* End PBXFrameworksBuildPhase section */

/* Begin PBXGroup section */
		8BEFBCDF19DAF442000989E5 = {
			isa = PBXGroup;
			children = (
				8BAD12861DD16B0200FC145C /* libstarcore.a */,
				8BAD12841DD16ADD00FC145C /* libiconv.tbd */,
				8BEFBCEA19DAF446000989E5 /* c_lua */,
				8BEFBD0419DAF44D000989E5 /* c_luaTests */,
				8BEFBCE919DAF446000989E5 /* Products */,
			);
			sourceTree = "<group>";
		};
		8BEFBCE919DAF446000989E5 /* Products */ = {
			isa = PBXGroup;
			children = (
				8BEFBCE819DAF446000989E5 /* c_lua.app */,
				8BEFBD0119DAF44D000989E5 /* c_luaTests.xctest */,
			);
			name = Products;
			sourceTree = "<group>";
		};
		8BEFBCEA19DAF446000989E5 /* c_lua */ = {
			isa = PBXGroup;
			children = (
				8BAD128C1DD16FC000FC145C /* test_call.lua */,
				8BAD128D1DD16FC000FC145C /* test_callnsobject.lua */,
				8BEFBCEF19DAF448000989E5 /* AppDelegate.h */,
				8BEFBCF019DAF448000989E5 /* AppDelegate.m */,
				8BEFBCF219DAF448000989E5 /* ViewController.h */,
				8BEFBCF319DAF448000989E5 /* ViewController.mm */,
				8BEFBCF519DAF449000989E5 /* Main.storyboard */,
				8BEFBCF819DAF44A000989E5 /* Images.xcassets */,
				8BEFBCFA19DAF44A000989E5 /* LaunchScreen.xib */,
				8BEFBCEB19DAF447000989E5 /* Supporting Files */,
			);
			path = c_lua;
			sourceTree = "<group>";
		};
		8BEFBCEB19DAF447000989E5 /* Supporting Files */ = {
			isa = PBXGroup;
			children = (
				8BEFBCEC19DAF448000989E5 /* Info.plist */,
				8BEFBCED19DAF448000989E5 /* main.m */,
			);
			name = "Supporting Files";
			sourceTree = "<group>";
		};
		8BEFBD0419DAF44D000989E5 /* c_luaTests */ = {
			isa = PBXGroup;
			children = (
				8BEFBD0719DAF44E000989E5 /* c_luaTests.m */,
				8BEFBD0519DAF44E000989E5 /* Supporting Files */,
			);
			path = c_luaTests;
			sourceTree = "<group>";
		};
		8BEFBD0519DAF44E000989E5 /* Supporting Files */ = {
			isa = PBXGroup;
			children = (
				8BEFBD0619DAF44E000989E5 /* Info.plist */,
			);
			name = "Supporting Files";
			sourceTree = "<group>";
		};
/* End PBXGroup section */

/* Begin PBXNativeTarget section */
		8BEFBCE719DAF444000989E5 /* c_lua */ = {
			isa = PBXNativeTarget;
			buildConfigurationList = 8BEFBD0B19DAF44E000989E5 /* Build configuration list for PBXNativeTarget "c_lua" */;
			buildPhases = (
				8BEFBCE419DAF444000989E5 /* Sources */,
				8BEFBCE519DAF444000989E5 /* Frameworks */,
				8BEFBCE619DAF444000989E5 /* Resources */,
			);
			buildRules = (
			);
			dependencies = (
			);
			name = c_lua;
			productName = c_lua;
			productReference = 8BEFBCE819DAF446000989E5 /* c_lua.app */;
			productType = "com.apple.product-type.application";
		};
		8BEFBD0019DAF44D000989E5 /* c_luaTests */ = {
			isa = PBXNativeTarget;
			buildConfigurationList = 8BEFBD0E19DAF44E000989E5 /* Build configuration list for PBXNativeTarget "c_luaTests" */;
			buildPhases = (
				8BEFBCFD19DAF44D000989E5 /* Sources */,
				8BEFBCFE19DAF44D000989E5 /* Frameworks */,
				8BEFBCFF19DAF44D000989E5 /* Resources */,
			);
			buildRules = (
			);
			dependencies = (
				8BEFBD0319DAF44D000989E5 /* PBXTargetDependency */,
			);
			name = c_luaTests;
			productName = c_luaTests;
			productReference = 8BEFBD0119DAF44D000989E5 /* c_luaTests.xctest */;
			productType = "com.apple.product-type.bundle.unit-test";
		};
/* End PBXNativeTarget section */

/* Begin PBXProject section */
		8BEFBCE019DAF443000989E5 /* Project object */ = {
			isa = PBXProject;
			attributes = {
				LastUpgradeCheck = 0600;
				ORGANIZATIONNAME = srplab;
				TargetAttributes = {
					8BEFBCE719DAF444000989E5 = {
						CreatedOnToolsVersion = 6.0.1;
					};
					8BEFBD0019DAF44D000989E5 = {
						CreatedOnToolsVersion = 6.0.1;
						TestTargetID = 8BEFBCE719DAF444000989E5;
					};
				};
			};
			buildConfigurationList = 8BEFBCE319DAF443000989E5 /* Build configuration list for PBXProject "c_lua" */;
			compatibilityVersion = "Xcode 3.2";
			developmentRegion = English;
			hasScannedForEncodings = 0;
			knownRegions = (
				en,
				Base,
			);
			mainGroup = 8BEFBCDF19DAF442000989E5;
			productRefGroup = 8BEFBCE919DAF446000989E5 /* Products */;
			projectDirPath = "";
			projectRoot = "";
			targets = (
				8BEFBCE719DAF444000989E5 /* c_lua */,
				8BEFBD0019DAF44D000989E5 /* c_luaTests */,
			);
		};
/* End PBXProject section */

/* Begin PBXResourcesBuildPhase section */
		8BEFBCE619DAF444000989E5 /* Resources */ = {
			isa = PBXResourcesBuildPhase;
			buildActionMask = 2147483647;
			files = (
				8BAD128F1DD16FC000FC145C /* test_callnsobject.lua in Resources */,
				8BEFBCF719DAF449000989E5 /* Main.storyboard in Resources */,
				8BEFBCFC19DAF44A000989E5 /* LaunchScreen.xib in Resources */,
				8BAD128E1DD16FC000FC145C /* test_call.lua in Resources */,
				8BEFBCF919DAF44A000989E5 /* Images.xcassets in Resources */,
			);
			runOnlyForDeploymentPostprocessing = 0;
		};
		8BEFBCFF19DAF44D000989E5 /* Resources */ = {
			isa = PBXResourcesBuildPhase;
			buildActionMask = 2147483647;
			files = (
			);
			runOnlyForDeploymentPostprocessing = 0;
		};
/* End PBXResourcesBuildPhase section */

/* Begin PBXSourcesBuildPhase section */
		8BEFBCE419DAF444000989E5 /* Sources */ = {
			isa = PBXSourcesBuildPhase;
			buildActionMask = 2147483647;
			files = (
				8BEFBCF419DAF448000989E5 /* ViewController.mm in Sources */,
				8BEFBCF119DAF448000989E5 /* AppDelegate.m in Sources */,
				8BEFBCEE19DAF448000989E5 /* main.m in Sources */,
			);
			runOnlyForDeploymentPostprocessing = 0;
		};
		8BEFBCFD19DAF44D000989E5 /* Sources */ = {
			isa = PBXSourcesBuildPhase;
			buildActionMask = 2147483647;
			files = (
				8BEFBD0819DAF44E000989E5 /* c_luaTests.m in Sources */,
			);
			runOnlyForDeploymentPostprocessing = 0;
		};
/* End PBXSourcesBuildPhase section */

/* Begin PBXTargetDependency section */
		8BEFBD0319DAF44D000989E5 /* PBXTargetDependency */ = {
			isa = PBXTargetDependency;
			target = 8BEFBCE719DAF444000989E5 /* c_lua */;
			targetProxy = 8BEFBD0219DAF44D000989E5 /* PBXContainerItemProxy */;
		};
/* End PBXTargetDependency section */

/* Begin PBXVariantGroup section */
		8BEFBCF519DAF449000989E5 /* Main.storyboard */ = {
			isa = PBXVariantGroup;
			children = (
				8BEFBCF619DAF449000989E5 /* Base */,
			);
			name = Main.storyboard;
			sourceTree = "<group>";
		};
		8BEFBCFA19DAF44A000989E5 /* LaunchScreen.xib */ = {
			isa = PBXVariantGroup;
			children = (
				8BEFBCFB19DAF44A000989E5 /* Base */,
			);
			name = LaunchScreen.xib;
			sourceTree = "<group>";
		};
/* End PBXVariantGroup section */

/* Begin XCBuildConfiguration section */
		8BEFBD0919DAF44E000989E5 /* Debug */ = {
			isa = XCBuildConfiguration;
			buildSettings = {
				ALWAYS_SEARCH_USER_PATHS = NO;
				CLANG_CXX_LANGUAGE_STANDARD = "gnu++0x";
				CLANG_CXX_LIBRARY = "libc++";
				CLANG_ENABLE_MODULES = YES;
				CLANG_ENABLE_OBJC_ARC = YES;
				CLANG_WARN_BOOL_CONVERSION = YES;
				CLANG_WARN_CONSTANT_CONVERSION = YES;
				CLANG_WARN_DIRECT_OBJC_ISA_USAGE = YES_ERROR;
				CLANG_WARN_EMPTY_BODY = YES;
				CLANG_WARN_ENUM_CONVERSION = YES;
				CLANG_WARN_INT_CONVERSION = YES;
				CLANG_WARN_OBJC_ROOT_CLASS = YES_ERROR;
				CLANG_WARN_UNREACHABLE_CODE = YES;
				CLANG_WARN__DUPLICATE_METHOD_MATCH = YES;
				"CODE_SIGN_IDENTITY[sdk=iphoneos*]" = "iPhone Developer";
				COPY_PHASE_STRIP = NO;
				ENABLE_STRICT_OBJC_MSGSEND = YES;
				GCC_C_LANGUAGE_STANDARD = gnu99;
				GCC_DYNAMIC_NO_PIC = NO;
				GCC_OPTIMIZATION_LEVEL = 0;
				GCC_PREPROCESSOR_DEFINITIONS = (
					"DEBUG=1",
					"$(inherited)",
				);
				GCC_SYMBOLS_PRIVATE_EXTERN = NO;
				GCC_WARN_64_TO_32_BIT_CONVERSION = YES;
				GCC_WARN_ABOUT_RETURN_TYPE = YES_ERROR;
				GCC_WARN_UNDECLARED_SELECTOR = YES;
				GCC_WARN_UNINITIALIZED_AUTOS = YES_AGGRESSIVE;
				GCC_WARN_UNUSED_FUNCTION = YES;
				GCC_WARN_UNUSED_VARIABLE = YES;
				IPHONEOS_DEPLOYMENT_TARGET = 8.0;
				MTL_ENABLE_DEBUG_INFO = YES;
				ONLY_ACTIVE_ARCH = YES;
				SDKROOT = iphoneos;
				TARGETED_DEVICE_FAMILY = "1,2";
			};
			name = Debug;
		};
		8BEFBD0A19DAF44E000989E5 /* Release */ = {
			isa = XCBuildConfiguration;
			buildSettings = {
				ALWAYS_SEARCH_USER_PATHS = NO;
				CLANG_CXX_LANGUAGE_STANDARD = "gnu++0x";
				CLANG_CXX_LIBRARY = "libc++";
				CLANG_ENABLE_MODULES = YES;
				CLANG_ENABLE_OBJC_ARC = YES;
				CLANG_WARN_BOOL_CONVERSION = YES;
				CLANG_WARN_CONSTANT_CONVERSION = YES;
				CLANG_WARN_DIRECT_OBJC_ISA_USAGE = YES_ERROR;
				CLANG_WARN_EMPTY_BODY = YES;
				CLANG_WARN_ENUM_CONVERSION = YES;
				CLANG_WARN_INT_CONVERSION = YES;
				CLANG_WARN_OBJC_ROOT_CLASS = YES_ERROR;
				CLANG_WARN_UNREACHABLE_CODE = YES;
				CLANG_WARN__DUPLICATE_METHOD_MATCH = YES;
				"CODE_SIGN_IDENTITY[sdk=iphoneos*]" = "iPhone Developer";
				COPY_PHASE_STRIP = YES;
				ENABLE_NS_ASSERTIONS = NO;
				ENABLE_STRICT_OBJC_MSGSEND = YES;
				GCC_C_LANGUAGE_STANDARD = gnu99;
				GCC_WARN_64_TO_32_BIT_CONVERSION = YES;
				GCC_WARN_ABOUT_RETURN_TYPE = YES_ERROR;
				GCC_WARN_UNDECLARED_SELECTOR = YES;
				GCC_WARN_UNINITIALIZED_AUTOS = YES_AGGRESSIVE;
				GCC_WARN_UNUSED_FUNCTION = YES;
				GCC_WARN_UNUSED_VARIABLE = YES;
				IPHONEOS_DEPLOYMENT_TARGET = 8.0;
				MTL_ENABLE_DEBUG_INFO = NO;
				SDKROOT = iphoneos;
				TARGETED_DEVICE_FAMILY = "1,2";
				VALIDATE_PRODUCT = YES;
			};
			name = Release;
		};
		8BEFBD0C19DAF44E000989E5 /* Debug */ = {
			isa = XCBuildConfiguration;
			buildSettings = {
				ARCHS = "$(ARCHS_STANDARD)";
				ASSETCATALOG_COMPILER_APPICON_NAME = AppIcon;
				GCC_PREPROCESSOR_DEFINITIONS = (
					"DEBUG=1",
					"$(inherited)",
					ENV_IOS,
				);
				HEADER_SEARCH_PATHS = (
					"$(inherited)",
					/Applications/Xcode.app/Contents/Developer/Toolchains/XcodeDefault.xctoolchain/usr/include,
					../../include,
				);
				INFOPLIST_FILE = c_lua/Info.plist;
				LD_RUNPATH_SEARCH_PATHS = "$(inherited) @executable_path/Frameworks";
				LIBRARY_SEARCH_PATHS = (
					"$(inherited)",
					../../,
				);
				PRODUCT_NAME = "$(TARGET_NAME)";
				VALID_ARCHS = "armv7 armv7s arm64";
			};
			name = Debug;
		};
		8BEFBD0D19DAF44E000989E5 /* Release */ = {
			isa = XCBuildConfiguration;
			buildSettings = {
				ARCHS = "$(ARCHS_STANDARD)";
				ASSETCATALOG_COMPILER_APPICON_NAME = AppIcon;
				GCC_PREPROCESSOR_DEFINITIONS = ENV_IOS;
				"GCC_WARN_64_TO_32_BIT_CONVERSION[arch=*64]" = YES;
				HEADER_SEARCH_PATHS = (
					"$(inherited)",
					/Applications/Xcode.app/Contents/Developer/Toolchains/XcodeDefault.xctoolchain/usr/include,
					../../include,
				);
				INFOPLIST_FILE = c_lua/Info.plist;
				LD_RUNPATH_SEARCH_PATHS = "$(inherited) @executable_path/Frameworks";
				LIBRARY_SEARCH_PATHS = (
					"$(inherited)",
					../../,
				);
				PRODUCT_NAME = "$(TARGET_NAME)";
				VALID_ARCHS = "armv7 armv7s arm64";
			};
			name = Release;
		};
		8BEFBD0F19DAF44E000989E5 /* Debug */ = {
			isa = XCBuildConfiguration;
			buildSettings = {
				BUNDLE_LOADER = "$(TEST_HOST)";
				FRAMEWORK_SEARCH_PATHS = (
					"$(SDKROOT)/Developer/Library/Frameworks",
					"$(inherited)",
				);
				GCC_PREPROCESSOR_DEFINITIONS = (
					"DEBUG=1",
					"$(inherited)",
				);
				INFOPLIST_FILE = c_luaTests/Info.plist;
				LD_RUNPATH_SEARCH_PATHS = "$(inherited) @executable_path/Frameworks @loader_path/Frameworks";
				PRODUCT_NAME = "$(TARGET_NAME)";
				TEST_HOST = "$(BUILT_PRODUCTS_DIR)/c_lua.app/c_lua";
			};
			name = Debug;
		};
		8BEFBD1019DAF44E000989E5 /* Release */ = {
			isa = XCBuildConfiguration;
			buildSettings = {
				BUNDLE_LOADER = "$(TEST_HOST)";
				FRAMEWORK_SEARCH_PATHS = (
					"$(SDKROOT)/Developer/Library/Frameworks",
					"$(inherited)",
				);
				INFOPLIST_FILE = c_luaTests/Info.plist;
				LD_RUNPATH_SEARCH_PATHS = "$(inherited) @executable_path/Frameworks @loader_path/Frameworks";
				PRODUCT_NAME = "$(TARGET_NAME)";
				TEST_HOST = "$(BUILT_PRODUCTS_DIR)/c_lua.app/c_lua";
			};
			name = Release;
		};
/* End XCBuildConfiguration section */

/* Begin XCConfigurationList section */
		8BEFBCE319DAF443000989E5 /* Build configuration list for PBXProject "c_lua" */ = {
			isa = XCConfigurationList;
			buildConfigurations = (
				8BEFBD0919DAF44E000989E5 /* Debug */,
				8BEFBD0A19DAF44E000989E5 /* Release */,
			);
			defaultConfigurationIsVisible = 0;
			defaultConfigurationName = Release;
		};
		8BEFBD0B19DAF44E000989E5 /* Build configuration list for PBXNativeTarget "c_lua" */ = {
			isa = XCConfigurationList;
			buildConfigurations = (
				8BEFBD0C19DAF44E000989E5 /* Debug */,
				8BEFBD0D19DAF44E000989E5 /* Release */,
			);
			defaultConfigurationIsVisible = 0;
			defaultConfigurationName = Release;
		};
		8BEFBD0E19DAF44E000989E5 /* Build configuration list for PBXNativeTarget "c_luaTests" */ = {
			isa = XCConfigurationList;
			buildConfigurations = (
				8BEFBD0F19DAF44E000989E5 /* Debug */,
				8BEFBD1019DAF44E000989E5 /* Release */,
			);
			defaultConfigurationIsVisible = 0;
			defaultConfigurationName = Release;
		};
/* End XCConfigurationList section */
	};
	rootObject = 8BEFBCE019DAF443000989E5 /* Project object */;
}
